
Microsoft Visual Studio Solution File, Format Version 12.00
# Visual Studio 15
VisualStudioVersion = 15.0.28307.572
MinimumVisualStudioVersion = 10.0.40219.1
Project("{FAE04EC0-301F-11D3-BF4B-00C04F79EFBC}") = "ChangeSongAndCoverFileNameAndInfo", "ChangeSongAndCoverFileNameAndInfo\ChangeSongAndCoverFileNameAndInfo.csproj", "{984655B2-968B-4B22-92D1-3F0CDD3D71FD}"
EndProject
Global
	GlobalSection(SolutionConfigurationPlatforms) = preSolution
		Debug|Any CPU = Debug|Any CPU
		Release|Any CPU = Release|Any CPU
	EndGlobalSection
	GlobalSection(ProjectConfigurationPlatforms) = postSolution
		{984655B2-968B-4B22-92D1-3F0CDD3D71FD}.Debug|Any CPU.ActiveCfg = Debug|Any CPU
		{984655B2-968B-4B22-92D1-3F0CDD3D71FD}.Debug|Any CPU.Build.0 = Debug|Any CPU
		{984655B2-968B-4B22-92D1-3F0CDD3D71FD}.Release|Any CPU.ActiveCfg = Release|Any CPU
		{984655B2-968B-4B22-92D1-3F0CDD3D71FD}.Release|Any CPU.Build.0 = Release|Any CPU
	EndGlobalSection
	GlobalSection(SolutionProperties) = preSolution
		HideSolutionNode = FALSE
	EndGlobalSection
	GlobalSection(ExtensibilityGlobals) = postSolution
		SolutionGuid = {B63FCD14-831F-4DDA-8F6D-7F6971C4F2FB}
	EndGlobalSection
EndGlobal
